
Microsoft Visual Studio Solution File, Format Version 12.00
# Visual Studio Version 16
VisualStudioVersion = 16.0.32228.547
MinimumVisualStudioVersion = 10.0.40219.1
Project("{FAE04EC0-301F-11D3-BF4B-00C04F79EFBC}") = "Collection Stack", "Collection Stack\Collection Stack.csproj", "{F5996312-BD9A-4192-BD06-44323AB50C89}"
EndProject
Global
	GlobalSection(SolutionConfigurationPlatforms) = preSolution
		Debug|Any CPU = Debug|Any CPU
		Release|Any CPU = Release|Any CPU
	EndGlobalSection
	GlobalSection(ProjectConfigurationPlatforms) = postSolution
		{F5996312-BD9A-4192-BD06-44323AB50C89}.Debug|Any CPU.ActiveCfg = Debug|Any CPU
		{F5996312-BD9A-4192-BD06-44323AB50C89}.Debug|Any CPU.Build.0 = Debug|Any CPU
		{F5996312-BD9A-4192-BD06-44323AB50C89}.Release|Any CPU.ActiveCfg = Release|Any CPU
		{F5996312-BD9A-4192-BD06-44323AB50C89}.Release|Any CPU.Build.0 = Release|Any CPU
	EndGlobalSection
	GlobalSection(SolutionProperties) = preSolution
		HideSolutionNode = FALSE
	EndGlobalSection
	GlobalSection(ExtensibilityGlobals) = postSolution
		SolutionGuid = {990C00D1-6FC5-426F-8CC1-28831424DCA0}
	EndGlobalSection
EndGlobal
